
Microsoft Visual Studio Solution File, Format Version 12.00
# Visual Studio 14
VisualStudioVersion = 14.0.25420.1
MinimumVisualStudioVersion = 10.0.40219.1
Project("{8BC9CEB8-8B4A-11D0-8D11-00A0C91BC942}") = "[01]Hello SDL", "[01]Hello SDL\[01]Hello SDL.vcxproj", "{3847397A-889B-43CF-8842-D3A6D5DEAF42}"
EndProject
Project("{8BC9CEB8-8B4A-11D0-8D11-00A0C91BC942}") = "[02]Getting an Image on the Screen", "[02]Getting an Image on the Screen\[02]Getting an Image on the Screen.vcxproj", "{2F6C4EE8-C0DB-4BE3-B3FA-F973AC6D6D26}"
EndProject
Project("{8BC9CEB8-8B4A-11D0-8D11-00A0C91BC942}") = "[03]Event Driven Programming", "[03]Event Driven Programming\[03]Event Driven Programming.vcxproj", "{CE5F720A-5568-4604-BFB6-669B4B9CF3E9}"
EndProject
Project("{8BC9CEB8-8B4A-11D0-8D11-00A0C91BC942}") = "[04]Key Presses", "[04]Key Presses\[04]Key Presses.vcxproj", "{DBF8E709-D15D-404B-81AC-2F92CE6E8122}"
EndProject
Project("{8BC9CEB8-8B4A-11D0-8D11-00A0C91BC942}") = "[05]Optimized Surface Loading and Soft Stretching", "[05]Optimized Surface Loading and Soft Stretching\[05]Optimized Surface Loading and Soft Stretching.vcxproj", "{6CFC63BD-5743-44E2-A349-87798815999B}"
EndProject
Project("{8BC9CEB8-8B4A-11D0-8D11-00A0C91BC942}") = "[06]Loading PNGs with SDL_image", "[06]Loading PNGs with SDL_image\[06]Loading PNGs with SDL_image.vcxproj", "{2855AE14-8F54-40D2-B454-D6AA54BDF690}"
EndProject
Project("{8BC9CEB8-8B4A-11D0-8D11-00A0C91BC942}") = "[07]Texture Loading and Rendering", "[07]Texture Loading and Rendering\[07]Texture Loading and Rendering.vcxproj", "{FE609A24-8754-411F-B00C-FCE236E1FE7D}"
EndProject
Project("{8BC9CEB8-8B4A-11D0-8D11-00A0C91BC942}") = "[08]Geometry Rendering", "[08]Geometry Rendering\[08]Geometry Rendering.vcxproj", "{64461F3F-2A1D-4D35-88A5-8EC1A8962A59}"
EndProject
Project("{8BC9CEB8-8B4A-11D0-8D11-00A0C91BC942}") = "[09]The Viewport", "[09]The Viewport\[09]The Viewport.vcxproj", "{7609DDED-7E0A-41EC-B0D1-4D506FFBBFB0}"
EndProject
Project("{8BC9CEB8-8B4A-11D0-8D11-00A0C91BC942}") = "[10]Color Keying", "[10]Color Keying\[10]Color Keying.vcxproj", "{F432EF47-127D-484B-B619-67C331748D4E}"
EndProject
Global
	GlobalSection(SolutionConfigurationPlatforms) = preSolution
		Debug|x64 = Debug|x64
		Debug|x86 = Debug|x86
		Release|x64 = Release|x64
		Release|x86 = Release|x86
	EndGlobalSection
	GlobalSection(ProjectConfigurationPlatforms) = postSolution
		{3847397A-889B-43CF-8842-D3A6D5DEAF42}.Debug|x64.ActiveCfg = Debug|x64
		{3847397A-889B-43CF-8842-D3A6D5DEAF42}.Debug|x64.Build.0 = Debug|x64
		{3847397A-889B-43CF-8842-D3A6D5DEAF42}.Debug|x86.ActiveCfg = Debug|Win32
		{3847397A-889B-43CF-8842-D3A6D5DEAF42}.Debug|x86.Build.0 = Debug|Win32
		{3847397A-889B-43CF-8842-D3A6D5DEAF42}.Release|x64.ActiveCfg = Release|x64
		{3847397A-889B-43CF-8842-D3A6D5DEAF42}.Release|x64.Build.0 = Release|x64
		{3847397A-889B-43CF-8842-D3A6D5DEAF42}.Release|x86.ActiveCfg = Release|Win32
		{3847397A-889B-43CF-8842-D3A6D5DEAF42}.Release|x86.Build.0 = Release|Win32
		{2F6C4EE8-C0DB-4BE3-B3FA-F973AC6D6D26}.Debug|x64.ActiveCfg = Debug|x64
		{2F6C4EE8-C0DB-4BE3-B3FA-F973AC6D6D26}.Debug|x64.Build.0 = Debug|x64
		{2F6C4EE8-C0DB-4BE3-B3FA-F973AC6D6D26}.Debug|x86.ActiveCfg = Debug|Win32
		{2F6C4EE8-C0DB-4BE3-B3FA-F973AC6D6D26}.Debug|x86.Build.0 = Debug|Win32
		{2F6C4EE8-C0DB-4BE3-B3FA-F973AC6D6D26}.Release|x64.ActiveCfg = Release|x64
		{2F6C4EE8-C0DB-4BE3-B3FA-F973AC6D6D26}.Release|x64.Build.0 = Release|x64
		{2F6C4EE8-C0DB-4BE3-B3FA-F973AC6D6D26}.Release|x86.ActiveCfg = Release|Win32
		{2F6C4EE8-C0DB-4BE3-B3FA-F973AC6D6D26}.Release|x86.Build.0 = Release|Win32
		{CE5F720A-5568-4604-BFB6-669B4B9CF3E9}.Debug|x64.ActiveCfg = Debug|x64
		{CE5F720A-5568-4604-BFB6-669B4B9CF3E9}.Debug|x64.Build.0 = Debug|x64
		{CE5F720A-5568-4604-BFB6-669B4B9CF3E9}.Debug|x86.ActiveCfg = Debug|Win32
		{CE5F720A-5568-4604-BFB6-669B4B9CF3E9}.Debug|x86.Build.0 = Debug|Win32
		{CE5F720A-5568-4604-BFB6-669B4B9CF3E9}.Release|x64.ActiveCfg = Release|x64
		{CE5F720A-5568-4604-BFB6-669B4B9CF3E9}.Release|x64.Build.0 = Release|x64
		{CE5F720A-5568-4604-BFB6-669B4B9CF3E9}.Release|x86.ActiveCfg = Release|Win32
		{CE5F720A-5568-4604-BFB6-669B4B9CF3E9}.Release|x86.Build.0 = Release|Win32
		{DBF8E709-D15D-404B-81AC-2F92CE6E8122}.Debug|x64.ActiveCfg = Debug|x64
		{DBF8E709-D15D-404B-81AC-2F92CE6E8122}.Debug|x64.Build.0 = Debug|x64
		{DBF8E709-D15D-404B-81AC-2F92CE6E8122}.Debug|x86.ActiveCfg = Debug|Win32
		{DBF8E709-D15D-404B-81AC-2F92CE6E8122}.Debug|x86.Build.0 = Debug|Win32
		{DBF8E709-D15D-404B-81AC-2F92CE6E8122}.Release|x64.ActiveCfg = Release|x64
		{DBF8E709-D15D-404B-81AC-2F92CE6E8122}.Release|x64.Build.0 = Release|x64
		{DBF8E709-D15D-404B-81AC-2F92CE6E8122}.Release|x86.ActiveCfg = Release|Win32
		{DBF8E709-D15D-404B-81AC-2F92CE6E8122}.Release|x86.Build.0 = Release|Win32
		{6CFC63BD-5743-44E2-A349-87798815999B}.Debug|x64.ActiveCfg = Debug|x64
		{6CFC63BD-5743-44E2-A349-87798815999B}.Debug|x64.Build.0 = Debug|x64
		{6CFC63BD-5743-44E2-A349-87798815999B}.Debug|x86.ActiveCfg = Debug|Win32
		{6CFC63BD-5743-44E2-A349-87798815999B}.Debug|x86.Build.0 = Debug|Win32
		{6CFC63BD-5743-44E2-A349-87798815999B}.Release|x64.ActiveCfg = Release|x64
		{6CFC63BD-5743-44E2-A349-87798815999B}.Release|x64.Build.0 = Release|x64
		{6CFC63BD-5743-44E2-A349-87798815999B}.Release|x86.ActiveCfg = Release|Win32
		{6CFC63BD-5743-44E2-A349-87798815999B}.Release|x86.Build.0 = Release|Win32
		{2855AE14-8F54-40D2-B454-D6AA54BDF690}.Debug|x64.ActiveCfg = Debug|x64
		{2855AE14-8F54-40D2-B454-D6AA54BDF690}.Debug|x64.Build.0 = Debug|x64
		{2855AE14-8F54-40D2-B454-D6AA54BDF690}.Debug|x86.ActiveCfg = Debug|Win32
		{2855AE14-8F54-40D2-B454-D6AA54BDF690}.Debug|x86.Build.0 = Debug|Win32
		{2855AE14-8F54-40D2-B454-D6AA54BDF690}.Release|x64.ActiveCfg = Release|x64
		{2855AE14-8F54-40D2-B454-D6AA54BDF690}.Release|x64.Build.0 = Release|x64
		{2855AE14-8F54-40D2-B454-D6AA54BDF690}.Release|x86.ActiveCfg = Release|Win32
		{2855AE14-8F54-40D2-B454-D6AA54BDF690}.Release|x86.Build.0 = Release|Win32
		{FE609A24-8754-411F-B00C-FCE236E1FE7D}.Debug|x64.ActiveCfg = Debug|x64
		{FE609A24-8754-411F-B00C-FCE236E1FE7D}.Debug|x64.Build.0 = Debug|x64
		{FE609A24-8754-411F-B00C-FCE236E1FE7D}.Debug|x86.ActiveCfg = Debug|Win32
		{FE609A24-8754-411F-B00C-FCE236E1FE7D}.Debug|x86.Build.0 = Debug|Win32
		{FE609A24-8754-411F-B00C-FCE236E1FE7D}.Release|x64.ActiveCfg = Release|x64
		{FE609A24-8754-411F-B00C-FCE236E1FE7D}.Release|x64.Build.0 = Release|x64
		{FE609A24-8754-411F-B00C-FCE236E1FE7D}.Release|x86.ActiveCfg = Release|Win32
		{FE609A24-8754-411F-B00C-FCE236E1FE7D}.Release|x86.Build.0 = Release|Win32
		{64461F3F-2A1D-4D35-88A5-8EC1A8962A59}.Debug|x64.ActiveCfg = Debug|x64
		{64461F3F-2A1D-4D35-88A5-8EC1A8962A59}.Debug|x64.Build.0 = Debug|x64
		{64461F3F-2A1D-4D35-88A5-8EC1A8962A59}.Debug|x86.ActiveCfg = Debug|Win32
		{64461F3F-2A1D-4D35-88A5-8EC1A8962A59}.Debug|x86.Build.0 = Debug|Win32
		{64461F3F-2A1D-4D35-88A5-8EC1A8962A59}.Release|x64.ActiveCfg = Release|x64
		{64461F3F-2A1D-4D35-88A5-8EC1A8962A59}.Release|x64.Build.0 = Release|x64
		{64461F3F-2A1D-4D35-88A5-8EC1A8962A59}.Release|x86.ActiveCfg = Release|Win32
		{64461F3F-2A1D-4D35-88A5-8EC1A8962A59}.Release|x86.Build.0 = Release|Win32
		{7609DDED-7E0A-41EC-B0D1-4D506FFBBFB0}.Debug|x64.ActiveCfg = Debug|x64
		{7609DDED-7E0A-41EC-B0D1-4D506FFBBFB0}.Debug|x64.Build.0 = Debug|x64
		{7609DDED-7E0A-41EC-B0D1-4D506FFBBFB0}.Debug|x86.ActiveCfg = Debug|Win32
		{7609DDED-7E0A-41EC-B0D1-4D506FFBBFB0}.Debug|x86.Build.0 = Debug|Win32
		{7609DDED-7E0A-41EC-B0D1-4D506FFBBFB0}.Release|x64.ActiveCfg = Release|x64
		{7609DDED-7E0A-41EC-B0D1-4D506FFBBFB0}.Release|x64.Build.0 = Release|x64
		{7609DDED-7E0A-41EC-B0D1-4D506FFBBFB0}.Release|x86.ActiveCfg = Release|Win32
		{7609DDED-7E0A-41EC-B0D1-4D506FFBBFB0}.Release|x86.Build.0 = Release|Win32
		{F432EF47-127D-484B-B619-67C331748D4E}.Debug|x64.ActiveCfg = Debug|x64
		{F432EF47-127D-484B-B619-67C331748D4E}.Debug|x64.Build.0 = Debug|x64
		{F432EF47-127D-484B-B619-67C331748D4E}.Debug|x86.ActiveCfg = Debug|Win32
		{F432EF47-127D-484B-B619-67C331748D4E}.Debug|x86.Build.0 = Debug|Win32
		{F432EF47-127D-484B-B619-67C331748D4E}.Release|x64.ActiveCfg = Release|x64
		{F432EF47-127D-484B-B619-67C331748D4E}.Release|x64.Build.0 = Release|x64
		{F432EF47-127D-484B-B619-67C331748D4E}.Release|x86.ActiveCfg = Release|Win32
		{F432EF47-127D-484B-B619-67C331748D4E}.Release|x86.Build.0 = Release|Win32
	EndGlobalSection
	GlobalSection(SolutionProperties) = preSolution
		HideSolutionNode = FALSE
	EndGlobalSection
EndGlobal
